
Microsoft Visual Studio Solution File, Format Version 12.00
# Visual Studio Version 16
VisualStudioVersion = 16.0.30804.86
MinimumVisualStudioVersion = 10.0.40219.1
Project("{8BC9CEB8-8B4A-11D0-8D11-00A0C91BC942}") = "PECourseProject", "PECourseProject\PECourseProject.vcxproj", "{7BA959BD-5155-4D5A-AC9F-C0BC699AB11A}"
EndProject
Global
	GlobalSection(SolutionConfigurationPlatforms) = preSolution
		Debug|x64 = Debug|x64
		Debug|x86 = Debug|x86
		Release|x64 = Release|x64
		Release|x86 = Release|x86
	EndGlobalSection
	GlobalSection(ProjectConfigurationPlatforms) = postSolution
		{7BA959BD-5155-4D5A-AC9F-C0BC699AB11A}.Debug|x64.ActiveCfg = Debug|x64
		{7BA959BD-5155-4D5A-AC9F-C0BC699AB11A}.Debug|x64.Build.0 = Debug|x64
		{7BA959BD-5155-4D5A-AC9F-C0BC699AB11A}.Debug|x86.ActiveCfg = Debug|Win32
		{7BA959BD-5155-4D5A-AC9F-C0BC699AB11A}.Debug|x86.Build.0 = Debug|Win32
		{7BA959BD-5155-4D5A-AC9F-C0BC699AB11A}.Release|x64.ActiveCfg = Release|x64
		{7BA959BD-5155-4D5A-AC9F-C0BC699AB11A}.Release|x64.Build.0 = Release|x64
		{7BA959BD-5155-4D5A-AC9F-C0BC699AB11A}.Release|x86.ActiveCfg = Release|Win32
		{7BA959BD-5155-4D5A-AC9F-C0BC699AB11A}.Release|x86.Build.0 = Release|Win32
	EndGlobalSection
	GlobalSection(SolutionProperties) = preSolution
		HideSolutionNode = FALSE
	EndGlobalSection
	GlobalSection(ExtensibilityGlobals) = postSolution
		SolutionGuid = {8A4AC6A7-1429-4A90-B5C7-5247F305DAC9}
	EndGlobalSection
EndGlobal
